
Microsoft Visual Studio Solution File, Format Version 12.00
# Visual Studio 15
VisualStudioVersion = 15.0.28010.2048
MinimumVisualStudioVersion = 10.0.40219.1
Project("{9A19103F-16F7-4668-BE54-9A1E7A4F7556}") = "KSZPL", "KSZPL\KSZPL.csproj", "{74DB50D4-A0FA-44FF-94F6-3E60CAD30B73}"
EndProject
Project("{FAE04EC0-301F-11D3-BF4B-00C04F79EFBC}") = "KSZPL.Core", "KSZPL.Core\KSZPL.Core.csproj", "{787679CA-CC99-415C-B56A-98EC1C2A9683}"
EndProject
Project("{FAE04EC0-301F-11D3-BF4B-00C04F79EFBC}") = "KSZPL.Data", "KSPZL.Data\KSZPL.Data.csproj", "{F4DF15F4-EA5B-4BEF-9E11-0F954D733572}"
EndProject
Global
	GlobalSection(SolutionConfigurationPlatforms) = preSolution
		Debug|Any CPU = Debug|Any CPU
		Release|Any CPU = Release|Any CPU
	EndGlobalSection
	GlobalSection(ProjectConfigurationPlatforms) = postSolution
		{74DB50D4-A0FA-44FF-94F6-3E60CAD30B73}.Debug|Any CPU.ActiveCfg = Debug|Any CPU
		{74DB50D4-A0FA-44FF-94F6-3E60CAD30B73}.Debug|Any CPU.Build.0 = Debug|Any CPU
		{74DB50D4-A0FA-44FF-94F6-3E60CAD30B73}.Release|Any CPU.ActiveCfg = Release|Any CPU
		{74DB50D4-A0FA-44FF-94F6-3E60CAD30B73}.Release|Any CPU.Build.0 = Release|Any CPU
		{787679CA-CC99-415C-B56A-98EC1C2A9683}.Debug|Any CPU.ActiveCfg = Debug|Any CPU
		{787679CA-CC99-415C-B56A-98EC1C2A9683}.Debug|Any CPU.Build.0 = Debug|Any CPU
		{787679CA-CC99-415C-B56A-98EC1C2A9683}.Release|Any CPU.ActiveCfg = Release|Any CPU
		{787679CA-CC99-415C-B56A-98EC1C2A9683}.Release|Any CPU.Build.0 = Release|Any CPU
		{F4DF15F4-EA5B-4BEF-9E11-0F954D733572}.Debug|Any CPU.ActiveCfg = Debug|Any CPU
		{F4DF15F4-EA5B-4BEF-9E11-0F954D733572}.Debug|Any CPU.Build.0 = Debug|Any CPU
		{F4DF15F4-EA5B-4BEF-9E11-0F954D733572}.Release|Any CPU.ActiveCfg = Release|Any CPU
		{F4DF15F4-EA5B-4BEF-9E11-0F954D733572}.Release|Any CPU.Build.0 = Release|Any CPU
	EndGlobalSection
	GlobalSection(SolutionProperties) = preSolution
		HideSolutionNode = FALSE
	EndGlobalSection
	GlobalSection(ExtensibilityGlobals) = postSolution
		SolutionGuid = {803E56D8-A4E0-48EA-8C22-244A1FEB9F6A}
	EndGlobalSection
EndGlobal
